// !$*UTF8*$!
{
	archiveVersion = 1;
	classes = {
	};
	objectVersion = 50;
	objects = {

/* Begin PBXBuildFile section */
		9203BCED25263DC3002219B7 /* RecommendedController.swift in Sources */ = {isa = PBXBuildFile; fileRef = 9203BCEB25263DC3002219B7 /* RecommendedController.swift */; };
		9203BCEE25263DC3002219B7 /* RecommendedController.xib in Resources */ = {isa = PBXBuildFile; fileRef = 9203BCEC25263DC3002219B7 /* RecommendedController.xib */; };
		9206C9C02493A4420082565D /* TopTrackController.swift in Sources */ = {isa = PBXBuildFile; fileRef = 9206C9BF2493A4420082565D /* TopTrackController.swift */; };
		9206C9C52493A4820082565D /* TopTrackCell.swift in Sources */ = {isa = PBXBuildFile; fileRef = 9206C9C32493A4820082565D /* TopTrackCell.swift */; };
		9206C9C62493A4820082565D /* TopTrackCell.xib in Resources */ = {isa = PBXBuildFile; fileRef = 9206C9C42493A4820082565D /* TopTrackCell.xib */; };
		921186B4249B96F300D76BC2 /* PlayerDurationLogic.swift in Sources */ = {isa = PBXBuildFile; fileRef = 921186B3249B96F300D76BC2 /* PlayerDurationLogic.swift */; };
		921560C7248FA73900229F1F /* MusicController.swift in Sources */ = {isa = PBXBuildFile; fileRef = 921560C6248FA73900229F1F /* MusicController.swift */; };
		921FCDDE248ED13A000DB7FE /* AuthController.swift in Sources */ = {isa = PBXBuildFile; fileRef = 921FCDDD248ED13A000DB7FE /* AuthController.swift */; };
		922385622521F8EB00E4373E /* FavoriteCollectionNetworkManager.swift in Sources */ = {isa = PBXBuildFile; fileRef = 922385612521F8EB00E4373E /* FavoriteCollectionNetworkManager.swift */; };
		9223856425220E5000E4373E /* RecommendedCollectionNetworkManager.swift in Sources */ = {isa = PBXBuildFile; fileRef = 9223856325220E5000E4373E /* RecommendedCollectionNetworkManager.swift */; };
		922385672522230800E4373E /* NetworkingTrackLikes.swift in Sources */ = {isa = PBXBuildFile; fileRef = 922385662522230800E4373E /* NetworkingTrackLikes.swift */; };
		9227D1FF25370E5B00F5B533 /* ChoosedTableCell.swift in Sources */ = {isa = PBXBuildFile; fileRef = 9227D1FE25370E5B00F5B533 /* ChoosedTableCell.swift */; };
		9227D2012537133A00F5B533 /* RecommendTracklistDataModel.swift in Sources */ = {isa = PBXBuildFile; fileRef = 9227D2002537133A00F5B533 /* RecommendTracklistDataModel.swift */; };
		9227D2042537166C00F5B533 /* NetworkingChoosedRecommendedTrackList.swift in Sources */ = {isa = PBXBuildFile; fileRef = 9227D2032537166C00F5B533 /* NetworkingChoosedRecommendedTrackList.swift */; };
		9234AAFD2490EB59006E37A8 /* Player.storyboard in Resources */ = {isa = PBXBuildFile; fileRef = 9234AAFC2490EB59006E37A8 /* Player.storyboard */; };
		9234AAFF2490EC86006E37A8 /* PlayerController.swift in Sources */ = {isa = PBXBuildFile; fileRef = 9234AAFE2490EC86006E37A8 /* PlayerController.swift */; };
		924425A32528A396009D8AB9 /* RecommendedHeaderView.swift in Sources */ = {isa = PBXBuildFile; fileRef = 924425A22528A396009D8AB9 /* RecommendedHeaderView.swift */; };
		92516665252A0F0C0087F3B0 /* RecommendedFooterView.swift in Sources */ = {isa = PBXBuildFile; fileRef = 92516664252A0F0C0087F3B0 /* RecommendedFooterView.swift */; };
		9251666C252A12A90087F3B0 /* ChoosedRecommendedPlaylistController.swift in Sources */ = {isa = PBXBuildFile; fileRef = 9251666A252A12A90087F3B0 /* ChoosedRecommendedPlaylistController.swift */; };
		9251666D252A12A90087F3B0 /* ChoosedRecommendedPlaylistController.xib in Resources */ = {isa = PBXBuildFile; fileRef = 9251666B252A12A90087F3B0 /* ChoosedRecommendedPlaylistController.xib */; };
		925573EB24923CA70057A2B5 /* UserInfoData.swift in Sources */ = {isa = PBXBuildFile; fileRef = 925573EA24923CA70057A2B5 /* UserInfoData.swift */; };
		925573ED249242960057A2B5 /* RecomendedPlaylistsData.swift in Sources */ = {isa = PBXBuildFile; fileRef = 925573EC249242960057A2B5 /* RecomendedPlaylistsData.swift */; };
		925B4350252B6DBB00A54F71 /* CustomTracksTableView.swift in Sources */ = {isa = PBXBuildFile; fileRef = 925B434F252B6DBB00A54F71 /* CustomTracksTableView.swift */; };
		925B4352252B702B00A54F71 /* CustomHeaderTableView.swift in Sources */ = {isa = PBXBuildFile; fileRef = 925B4351252B702B00A54F71 /* CustomHeaderTableView.swift */; };
		925D48F5251A58CA00002BD4 /* Helvetica Neue Bold.ttf in Resources */ = {isa = PBXBuildFile; fileRef = 925D48F3251A571600002BD4 /* Helvetica Neue Bold.ttf */; };
		925EF5D224BE044D00DC8B86 /* UserSettingsCell.swift in Sources */ = {isa = PBXBuildFile; fileRef = 925EF5D124BE044D00DC8B86 /* UserSettingsCell.swift */; };
		925EF5D524BE05FA00DC8B86 /* SectionsModels.swift in Sources */ = {isa = PBXBuildFile; fileRef = 925EF5D424BE05FA00DC8B86 /* SectionsModels.swift */; };
		9269B860251905FC00C12FC7 /* SearchTableView.swift in Sources */ = {isa = PBXBuildFile; fileRef = 9269B85F251905FC00C12FC7 /* SearchTableView.swift */; };
		9269B864251908AC00C12FC7 /* SearchCell.swift in Sources */ = {isa = PBXBuildFile; fileRef = 9269B863251908AC00C12FC7 /* SearchCell.swift */; };
		9269B86925190E7500C12FC7 /* SearchData.swift in Sources */ = {isa = PBXBuildFile; fileRef = 9269B86825190E7500C12FC7 /* SearchData.swift */; };
		9289378D2523625300E9F119 /* ConstructOfString.swift in Sources */ = {isa = PBXBuildFile; fileRef = 9289378C2523625300E9F119 /* ConstructOfString.swift */; };
		9289379025236DBF00E9F119 /* FavoritesTabController.swift in Sources */ = {isa = PBXBuildFile; fileRef = 9289378F25236DBF00E9F119 /* FavoritesTabController.swift */; };
		92893792252370AB00E9F119 /* FavoritesMenuCell.swift in Sources */ = {isa = PBXBuildFile; fileRef = 92893791252370AB00E9F119 /* FavoritesMenuCell.swift */; };
		92893794252370BD00E9F119 /* FavoritesMenuTableView.swift in Sources */ = {isa = PBXBuildFile; fileRef = 92893793252370BD00E9F119 /* FavoritesMenuTableView.swift */; };
		9289379625238DA500E9F119 /* NetworkingFavoriteMenu.swift in Sources */ = {isa = PBXBuildFile; fileRef = 9289379525238DA500E9F119 /* NetworkingFavoriteMenu.swift */; };
		9296ECC324B865D800846055 /* FavoriteTracksData.swift in Sources */ = {isa = PBXBuildFile; fileRef = 9296ECC224B865D800846055 /* FavoriteTracksData.swift */; };
		9297909C248FD0A400006CB1 /* UserFavoriteArtistsData.swift in Sources */ = {isa = PBXBuildFile; fileRef = 9297909B248FD0A400006CB1 /* UserFavoriteArtistsData.swift */; };
		929790A0248FE72200006CB1 /* FavoriteArtistsCell.swift in Sources */ = {isa = PBXBuildFile; fileRef = 9297909E248FE72200006CB1 /* FavoriteArtistsCell.swift */; };
		929790A1248FE72200006CB1 /* FavoriteArtistsCell.xib in Resources */ = {isa = PBXBuildFile; fileRef = 9297909F248FE72200006CB1 /* FavoriteArtistsCell.xib */; };
		92A763642489485100147C69 /* AppDelegate.swift in Sources */ = {isa = PBXBuildFile; fileRef = 92A763632489485100147C69 /* AppDelegate.swift */; };
		92A763662489485100147C69 /* SceneDelegate.swift in Sources */ = {isa = PBXBuildFile; fileRef = 92A763652489485100147C69 /* SceneDelegate.swift */; };
		92A7636B2489485100147C69 /* Main.storyboard in Resources */ = {isa = PBXBuildFile; fileRef = 92A763692489485100147C69 /* Main.storyboard */; };
		92A7636D2489485200147C69 /* Assets.xcassets in Resources */ = {isa = PBXBuildFile; fileRef = 92A7636C2489485200147C69 /* Assets.xcassets */; };
		92A763702489485200147C69 /* LaunchScreen.storyboard in Resources */ = {isa = PBXBuildFile; fileRef = 92A7636E2489485200147C69 /* LaunchScreen.storyboard */; };
		92A7C1812497943C0040347F /* TopTracksSongModel.swift in Sources */ = {isa = PBXBuildFile; fileRef = 92A7C1802497943C0040347F /* TopTracksSongModel.swift */; };
		92A7C1832497A1500040347F /* FavoriteArtistsModel.swift in Sources */ = {isa = PBXBuildFile; fileRef = 92A7C1822497A1500040347F /* FavoriteArtistsModel.swift */; };
		92B58E37252247EC0026B277 /* TopTrackTableView.swift in Sources */ = {isa = PBXBuildFile; fileRef = 92B58E36252247EC0026B277 /* TopTrackTableView.swift */; };
		92B58E39252249230026B277 /* TopTrackControllerTest.swift in Sources */ = {isa = PBXBuildFile; fileRef = 92B58E38252249230026B277 /* TopTrackControllerTest.swift */; };
		92B58E3B252249DC0026B277 /* TopTrackListCell.swift in Sources */ = {isa = PBXBuildFile; fileRef = 92B58E3A252249DC0026B277 /* TopTrackListCell.swift */; };
		92C08F53251CC7B500ECA320 /* NetworkService.swift in Sources */ = {isa = PBXBuildFile; fileRef = 92C08F52251CC7B500ECA320 /* NetworkService.swift */; };
		92C08F55251CE03B00ECA320 /* DecoderJSON.swift in Sources */ = {isa = PBXBuildFile; fileRef = 92C08F54251CE03B00ECA320 /* DecoderJSON.swift */; };
		92C08F58251CFA1700ECA320 /* Constants.swift in Sources */ = {isa = PBXBuildFile; fileRef = 92C08F57251CFA1700ECA320 /* Constants.swift */; };
		92C08F68251D04D000ECA320 /* TrackIsLiked.swift in Sources */ = {isa = PBXBuildFile; fileRef = 92C08F67251D04D000ECA320 /* TrackIsLiked.swift */; };
		92C31F2424C05FA7009D9A88 /* UserSettingInfoProfileCell.swift in Sources */ = {isa = PBXBuildFile; fileRef = 92C31F2324C05FA7009D9A88 /* UserSettingInfoProfileCell.swift */; };
		92D3A2E424E17ACE00DDE6C1 /* SearchController.swift in Sources */ = {isa = PBXBuildFile; fileRef = 92D3A2E324E17ACE00DDE6C1 /* SearchController.swift */; };
		92D3A2E624E17CFD00DDE6C1 /* FavoriteControllerRowValue.swift in Sources */ = {isa = PBXBuildFile; fileRef = 92D3A2E524E17CFD00DDE6C1 /* FavoriteControllerRowValue.swift */; };
		92DCD1892494DD540013A2C8 /* ListOfTopTracksData.swift in Sources */ = {isa = PBXBuildFile; fileRef = 92DCD1882494DD540013A2C8 /* ListOfTopTracksData.swift */; };
		92DE671125288A87007F26DC /* RecomendModel.swift in Sources */ = {isa = PBXBuildFile; fileRef = 92DE671025288A87007F26DC /* RecomendModel.swift */; };
		92DF0742248AB636008C4353 /* AuthData.swift in Sources */ = {isa = PBXBuildFile; fileRef = 92DF0741248AB636008C4353 /* AuthData.swift */; };
		92E47F6424A3CEF400E79774 /* LNPopupController.framework in Frameworks */ = {isa = PBXBuildFile; fileRef = 92E47F6324A3CEF400E79774 /* LNPopupController.framework */; };
		92E47F6524A3CEF400E79774 /* LNPopupController.framework in Embed Frameworks */ = {isa = PBXBuildFile; fileRef = 92E47F6324A3CEF400E79774 /* LNPopupController.framework */; settings = {ATTRIBUTES = (CodeSignOnCopy, RemoveHeadersOnCopy, ); }; };
		92E4A931249246E500A212BC /* RecomendedPlaylistsCell.swift in Sources */ = {isa = PBXBuildFile; fileRef = 92E4A92F249246E500A212BC /* RecomendedPlaylistsCell.swift */; };
		92E4A932249246E500A212BC /* RecomendedPlaylistsCell.xib in Resources */ = {isa = PBXBuildFile; fileRef = 92E4A930249246E500A212BC /* RecomendedPlaylistsCell.xib */; };
		92E638B624B9C54900EB18A9 /* UserPlaylistsData.swift in Sources */ = {isa = PBXBuildFile; fileRef = 92E638B524B9C54900EB18A9 /* UserPlaylistsData.swift */; };
		92E638B824B9C72200EB18A9 /* UserAlbumsData.swift in Sources */ = {isa = PBXBuildFile; fileRef = 92E638B724B9C72200EB18A9 /* UserAlbumsData.swift */; };
		92E638BA24B9EF3D00EB18A9 /* UserSettingsController.swift in Sources */ = {isa = PBXBuildFile; fileRef = 92E638B924B9EF3D00EB18A9 /* UserSettingsController.swift */; };
		92EA80C52527256700199BFC /* RecommendedCollectionView.swift in Sources */ = {isa = PBXBuildFile; fileRef = 92EA80C42527256700199BFC /* RecommendedCollectionView.swift */; };
		92EA80C725272A9C00199BFC /* RecommendedControllerCell.swift in Sources */ = {isa = PBXBuildFile; fileRef = 92EA80C625272A9C00199BFC /* RecommendedControllerCell.swift */; };
		92F71FE124C4ACD000E76748 /* UserSettingsLogicModel.swift in Sources */ = {isa = PBXBuildFile; fileRef = 92F71FE024C4ACD000E76748 /* UserSettingsLogicModel.swift */; };
		92FC820424C7031D00B3BBFD /* GenreCell.swift in Sources */ = {isa = PBXBuildFile; fileRef = 92FC820324C7031D00B3BBFD /* GenreCell.swift */; };
/* End PBXBuildFile section */

/* Begin PBXCopyFilesBuildPhase section */
		92E47F6624A3CEF400E79774 /* Embed Frameworks */ = {
			isa = PBXCopyFilesBuildPhase;
			buildActionMask = 2147483647;
			dstPath = "";
			dstSubfolderSpec = 10;
			files = (
				92E47F6524A3CEF400E79774 /* LNPopupController.framework in Embed Frameworks */,
			);
			name = "Embed Frameworks";
			runOnlyForDeploymentPostprocessing = 0;
		};
/* End PBXCopyFilesBuildPhase section */

/* Begin PBXFileReference section */
		9203BCEB25263DC3002219B7 /* RecommendedController.swift */ = {isa = PBXFileReference; lastKnownFileType = sourcecode.swift; path = RecommendedController.swift; sourceTree = "<group>"; };
		9203BCEC25263DC3002219B7 /* RecommendedController.xib */ = {isa = PBXFileReference; lastKnownFileType = file.xib; path = RecommendedController.xib; sourceTree = "<group>"; };
		9206C9BF2493A4420082565D /* TopTrackController.swift */ = {isa = PBXFileReference; lastKnownFileType = sourcecode.swift; path = TopTrackController.swift; sourceTree = "<group>"; };
		9206C9C32493A4820082565D /* TopTrackCell.swift */ = {isa = PBXFileReference; lastKnownFileType = sourcecode.swift; path = TopTrackCell.swift; sourceTree = "<group>"; };
		9206C9C42493A4820082565D /* TopTrackCell.xib */ = {isa = PBXFileReference; lastKnownFileType = file.xib; path = TopTrackCell.xib; sourceTree = "<group>"; };
		921186B3249B96F300D76BC2 /* PlayerDurationLogic.swift */ = {isa = PBXFileReference; lastKnownFileType = sourcecode.swift; path = PlayerDurationLogic.swift; sourceTree = "<group>"; };
		921560C6248FA73900229F1F /* MusicController.swift */ = {isa = PBXFileReference; lastKnownFileType = sourcecode.swift; path = MusicController.swift; sourceTree = "<group>"; };
		921FCDDD248ED13A000DB7FE /* AuthController.swift */ = {isa = PBXFileReference; lastKnownFileType = sourcecode.swift; path = AuthController.swift; sourceTree = "<group>"; };
		922385612521F8EB00E4373E /* FavoriteCollectionNetworkManager.swift */ = {isa = PBXFileReference; lastKnownFileType = sourcecode.swift; path = FavoriteCollectionNetworkManager.swift; sourceTree = "<group>"; };
		9223856325220E5000E4373E /* RecommendedCollectionNetworkManager.swift */ = {isa = PBXFileReference; lastKnownFileType = sourcecode.swift; path = RecommendedCollectionNetworkManager.swift; sourceTree = "<group>"; };
		922385662522230800E4373E /* NetworkingTrackLikes.swift */ = {isa = PBXFileReference; lastKnownFileType = sourcecode.swift; path = NetworkingTrackLikes.swift; sourceTree = "<group>"; };
		9227D1FE25370E5B00F5B533 /* ChoosedTableCell.swift */ = {isa = PBXFileReference; lastKnownFileType = sourcecode.swift; path = ChoosedTableCell.swift; sourceTree = "<group>"; };
		9227D2002537133A00F5B533 /* RecommendTracklistDataModel.swift */ = {isa = PBXFileReference; lastKnownFileType = sourcecode.swift; path = RecommendTracklistDataModel.swift; sourceTree = "<group>"; };
		9227D2032537166C00F5B533 /* NetworkingChoosedRecommendedTrackList.swift */ = {isa = PBXFileReference; lastKnownFileType = sourcecode.swift; path = NetworkingChoosedRecommendedTrackList.swift; sourceTree = "<group>"; };
		9234AAFC2490EB59006E37A8 /* Player.storyboard */ = {isa = PBXFileReference; lastKnownFileType = file.storyboard; path = Player.storyboard; sourceTree = "<group>"; };
		9234AAFE2490EC86006E37A8 /* PlayerController.swift */ = {isa = PBXFileReference; lastKnownFileType = sourcecode.swift; path = PlayerController.swift; sourceTree = "<group>"; };
		924425A22528A396009D8AB9 /* RecommendedHeaderView.swift */ = {isa = PBXFileReference; lastKnownFileType = sourcecode.swift; path = RecommendedHeaderView.swift; sourceTree = "<group>"; };
		92516664252A0F0C0087F3B0 /* RecommendedFooterView.swift */ = {isa = PBXFileReference; lastKnownFileType = sourcecode.swift; path = RecommendedFooterView.swift; sourceTree = "<group>"; };
		9251666A252A12A90087F3B0 /* ChoosedRecommendedPlaylistController.swift */ = {isa = PBXFileReference; lastKnownFileType = sourcecode.swift; path = ChoosedRecommendedPlaylistController.swift; sourceTree = "<group>"; };
		9251666B252A12A90087F3B0 /* ChoosedRecommendedPlaylistController.xib */ = {isa = PBXFileReference; lastKnownFileType = file.xib; path = ChoosedRecommendedPlaylistController.xib; sourceTree = "<group>"; };
		925573EA24923CA70057A2B5 /* UserInfoData.swift */ = {isa = PBXFileReference; lastKnownFileType = sourcecode.swift; path = UserInfoData.swift; sourceTree = "<group>"; };
		925573EC249242960057A2B5 /* RecomendedPlaylistsData.swift */ = {isa = PBXFileReference; lastKnownFileType = sourcecode.swift; path = RecomendedPlaylistsData.swift; sourceTree = "<group>"; };
		925B434F252B6DBB00A54F71 /* CustomTracksTableView.swift */ = {isa = PBXFileReference; lastKnownFileType = sourcecode.swift; path = CustomTracksTableView.swift; sourceTree = "<group>"; };
		925B4351252B702B00A54F71 /* CustomHeaderTableView.swift */ = {isa = PBXFileReference; lastKnownFileType = sourcecode.swift; path = CustomHeaderTableView.swift; sourceTree = "<group>"; };
		925D48F3251A571600002BD4 /* Helvetica Neue Bold.ttf */ = {isa = PBXFileReference; lastKnownFileType = file; path = "Helvetica Neue Bold.ttf"; sourceTree = "<group>"; };
		925EF5D124BE044D00DC8B86 /* UserSettingsCell.swift */ = {isa = PBXFileReference; lastKnownFileType = sourcecode.swift; path = UserSettingsCell.swift; sourceTree = "<group>"; };
		925EF5D424BE05FA00DC8B86 /* SectionsModels.swift */ = {isa = PBXFileReference; lastKnownFileType = sourcecode.swift; path = SectionsModels.swift; sourceTree = "<group>"; };
		9269B85F251905FC00C12FC7 /* SearchTableView.swift */ = {isa = PBXFileReference; lastKnownFileType = sourcecode.swift; path = SearchTableView.swift; sourceTree = "<group>"; };
		9269B863251908AC00C12FC7 /* SearchCell.swift */ = {isa = PBXFileReference; lastKnownFileType = sourcecode.swift; path = SearchCell.swift; sourceTree = "<group>"; };
		9269B86825190E7500C12FC7 /* SearchData.swift */ = {isa = PBXFileReference; lastKnownFileType = sourcecode.swift; path = SearchData.swift; sourceTree = "<group>"; };
		9289378C2523625300E9F119 /* ConstructOfString.swift */ = {isa = PBXFileReference; lastKnownFileType = sourcecode.swift; path = ConstructOfString.swift; sourceTree = "<group>"; };
		9289378F25236DBF00E9F119 /* FavoritesTabController.swift */ = {isa = PBXFileReference; lastKnownFileType = sourcecode.swift; path = FavoritesTabController.swift; sourceTree = "<group>"; };
		92893791252370AB00E9F119 /* FavoritesMenuCell.swift */ = {isa = PBXFileReference; lastKnownFileType = sourcecode.swift; path = FavoritesMenuCell.swift; sourceTree = "<group>"; };
		92893793252370BD00E9F119 /* FavoritesMenuTableView.swift */ = {isa = PBXFileReference; lastKnownFileType = sourcecode.swift; path = FavoritesMenuTableView.swift; sourceTree = "<group>"; };
		9289379525238DA500E9F119 /* NetworkingFavoriteMenu.swift */ = {isa = PBXFileReference; lastKnownFileType = sourcecode.swift; path = NetworkingFavoriteMenu.swift; sourceTree = "<group>"; };
		9296ECC224B865D800846055 /* FavoriteTracksData.swift */ = {isa = PBXFileReference; lastKnownFileType = sourcecode.swift; path = FavoriteTracksData.swift; sourceTree = "<group>"; };
		9297909B248FD0A400006CB1 /* UserFavoriteArtistsData.swift */ = {isa = PBXFileReference; lastKnownFileType = sourcecode.swift; path = UserFavoriteArtistsData.swift; sourceTree = "<group>"; };
		9297909E248FE72200006CB1 /* FavoriteArtistsCell.swift */ = {isa = PBXFileReference; lastKnownFileType = sourcecode.swift; path = FavoriteArtistsCell.swift; sourceTree = "<group>"; };
		9297909F248FE72200006CB1 /* FavoriteArtistsCell.xib */ = {isa = PBXFileReference; lastKnownFileType = file.xib; path = FavoriteArtistsCell.xib; sourceTree = "<group>"; };
		92A763602489485100147C69 /* MusDZList.app */ = {isa = PBXFileReference; explicitFileType = wrapper.application; includeInIndex = 0; path = MusDZList.app; sourceTree = BUILT_PRODUCTS_DIR; };
		92A763632489485100147C69 /* AppDelegate.swift */ = {isa = PBXFileReference; lastKnownFileType = sourcecode.swift; path = AppDelegate.swift; sourceTree = "<group>"; };
		92A763652489485100147C69 /* SceneDelegate.swift */ = {isa = PBXFileReference; lastKnownFileType = sourcecode.swift; path = SceneDelegate.swift; sourceTree = "<group>"; };
		92A7636A2489485100147C69 /* Base */ = {isa = PBXFileReference; lastKnownFileType = file.storyboard; name = Base; path = Base.lproj/Main.storyboard; sourceTree = "<group>"; };
		92A7636C2489485200147C69 /* Assets.xcassets */ = {isa = PBXFileReference; lastKnownFileType = folder.assetcatalog; path = Assets.xcassets; sourceTree = "<group>"; };
		92A7636F2489485200147C69 /* Base */ = {isa = PBXFileReference; lastKnownFileType = file.storyboard; name = Base; path = Base.lproj/LaunchScreen.storyboard; sourceTree = "<group>"; };
		92A763712489485200147C69 /* Info.plist */ = {isa = PBXFileReference; lastKnownFileType = text.plist.xml; path = Info.plist; sourceTree = "<group>"; };
		92A7C1802497943C0040347F /* TopTracksSongModel.swift */ = {isa = PBXFileReference; lastKnownFileType = sourcecode.swift; path = TopTracksSongModel.swift; sourceTree = "<group>"; };
		92A7C1822497A1500040347F /* FavoriteArtistsModel.swift */ = {isa = PBXFileReference; lastKnownFileType = sourcecode.swift; path = FavoriteArtistsModel.swift; sourceTree = "<group>"; };
		92B58E36252247EC0026B277 /* TopTrackTableView.swift */ = {isa = PBXFileReference; lastKnownFileType = sourcecode.swift; path = TopTrackTableView.swift; sourceTree = "<group>"; };
		92B58E38252249230026B277 /* TopTrackControllerTest.swift */ = {isa = PBXFileReference; lastKnownFileType = sourcecode.swift; path = TopTrackControllerTest.swift; sourceTree = "<group>"; };
		92B58E3A252249DC0026B277 /* TopTrackListCell.swift */ = {isa = PBXFileReference; lastKnownFileType = sourcecode.swift; path = TopTrackListCell.swift; sourceTree = "<group>"; };
		92C08F52251CC7B500ECA320 /* NetworkService.swift */ = {isa = PBXFileReference; lastKnownFileType = sourcecode.swift; path = NetworkService.swift; sourceTree = "<group>"; };
		92C08F54251CE03B00ECA320 /* DecoderJSON.swift */ = {isa = PBXFileReference; lastKnownFileType = sourcecode.swift; path = DecoderJSON.swift; sourceTree = "<group>"; };
		92C08F57251CFA1700ECA320 /* Constants.swift */ = {isa = PBXFileReference; lastKnownFileType = sourcecode.swift; path = Constants.swift; sourceTree = "<group>"; };
		92C08F67251D04D000ECA320 /* TrackIsLiked.swift */ = {isa = PBXFileReference; lastKnownFileType = sourcecode.swift; path = TrackIsLiked.swift; sourceTree = "<group>"; };
		92C31F2324C05FA7009D9A88 /* UserSettingInfoProfileCell.swift */ = {isa = PBXFileReference; lastKnownFileType = sourcecode.swift; path = UserSettingInfoProfileCell.swift; sourceTree = "<group>"; };
		92D3A2E324E17ACE00DDE6C1 /* SearchController.swift */ = {isa = PBXFileReference; lastKnownFileType = sourcecode.swift; path = SearchController.swift; sourceTree = "<group>"; };
		92D3A2E524E17CFD00DDE6C1 /* FavoriteControllerRowValue.swift */ = {isa = PBXFileReference; lastKnownFileType = sourcecode.swift; path = FavoriteControllerRowValue.swift; sourceTree = "<group>"; };
		92DCD1882494DD540013A2C8 /* ListOfTopTracksData.swift */ = {isa = PBXFileReference; lastKnownFileType = sourcecode.swift; path = ListOfTopTracksData.swift; sourceTree = "<group>"; };
		92DE671025288A87007F26DC /* RecomendModel.swift */ = {isa = PBXFileReference; lastKnownFileType = sourcecode.swift; path = RecomendModel.swift; sourceTree = "<group>"; };
		92DF0741248AB636008C4353 /* AuthData.swift */ = {isa = PBXFileReference; lastKnownFileType = sourcecode.swift; path = AuthData.swift; sourceTree = "<group>"; };
		92E47F6324A3CEF400E79774 /* LNPopupController.framework */ = {isa = PBXFileReference; lastKnownFileType = wrapper.framework; name = LNPopupController.framework; path = Carthage/Build/iOS/LNPopupController.framework; sourceTree = "<group>"; };
		92E4A92F249246E500A212BC /* RecomendedPlaylistsCell.swift */ = {isa = PBXFileReference; lastKnownFileType = sourcecode.swift; path = RecomendedPlaylistsCell.swift; sourceTree = "<group>"; };
		92E4A930249246E500A212BC /* RecomendedPlaylistsCell.xib */ = {isa = PBXFileReference; lastKnownFileType = file.xib; path = RecomendedPlaylistsCell.xib; sourceTree = "<group>"; };
		92E638B524B9C54900EB18A9 /* UserPlaylistsData.swift */ = {isa = PBXFileReference; lastKnownFileType = sourcecode.swift; path = UserPlaylistsData.swift; sourceTree = "<group>"; };
		92E638B724B9C72200EB18A9 /* UserAlbumsData.swift */ = {isa = PBXFileReference; lastKnownFileType = sourcecode.swift; path = UserAlbumsData.swift; sourceTree = "<group>"; };
		92E638B924B9EF3D00EB18A9 /* UserSettingsController.swift */ = {isa = PBXFileReference; lastKnownFileType = sourcecode.swift; path = UserSettingsController.swift; sourceTree = "<group>"; };
		92EA80C42527256700199BFC /* RecommendedCollectionView.swift */ = {isa = PBXFileReference; lastKnownFileType = sourcecode.swift; path = RecommendedCollectionView.swift; sourceTree = "<group>"; };
		92EA80C625272A9C00199BFC /* RecommendedControllerCell.swift */ = {isa = PBXFileReference; lastKnownFileType = sourcecode.swift; path = RecommendedControllerCell.swift; sourceTree = "<group>"; };
		92F71FE024C4ACD000E76748 /* UserSettingsLogicModel.swift */ = {isa = PBXFileReference; lastKnownFileType = sourcecode.swift; path = UserSettingsLogicModel.swift; sourceTree = "<group>"; };
		92FC820324C7031D00B3BBFD /* GenreCell.swift */ = {isa = PBXFileReference; lastKnownFileType = sourcecode.swift; path = GenreCell.swift; sourceTree = "<group>"; };
/* End PBXFileReference section */

/* Begin PBXFrameworksBuildPhase section */
		92A7635D2489485100147C69 /* Frameworks */ = {
			isa = PBXFrameworksBuildPhase;
			buildActionMask = 2147483647;
			files = (
				92E47F6424A3CEF400E79774 /* LNPopupController.framework in Frameworks */,
			);
			runOnlyForDeploymentPostprocessing = 0;
		};
/* End PBXFrameworksBuildPhase section */

/* Begin PBXGroup section */
		9206C9C12493A44F0082565D /* TopTrackTableView */ = {
			isa = PBXGroup;
			children = (
				9206C9C22493A45A0082565D /* TopTrackCell */,
			);
			path = TopTrackTableView;
			sourceTree = "<group>";
		};
		9206C9C22493A45A0082565D /* TopTrackCell */ = {
			isa = PBXGroup;
			children = (
				9206C9C32493A4820082565D /* TopTrackCell.swift */,
				9206C9C42493A4820082565D /* TopTrackCell.xib */,
			);
			path = TopTrackCell;
			sourceTree = "<group>";
		};
		921014CA2492910400757D79 /* RecomendedHeader */ = {
			isa = PBXGroup;
			children = (
				924425A22528A396009D8AB9 /* RecommendedHeaderView.swift */,
			);
			path = RecomendedHeader;
			sourceTree = "<group>";
		};
		921014CB2492913600757D79 /* RecomendedCollection */ = {
			isa = PBXGroup;
			children = (
				921014CA2492910400757D79 /* RecomendedHeader */,
				92E4A92E249246BC00A212BC /* RecomendedPlaylistsCell */,
				921014CC2492970300757D79 /* RecomendedFooter */,
			);
			path = RecomendedCollection;
			sourceTree = "<group>";
		};
		921014CC2492970300757D79 /* RecomendedFooter */ = {
			isa = PBXGroup;
			children = (
				92516664252A0F0C0087F3B0 /* RecommendedFooterView.swift */,
			);
			path = RecomendedFooter;
			sourceTree = "<group>";
		};
		921186B2249B96C400D76BC2 /* LogicFiles */ = {
			isa = PBXGroup;
			children = (
				921186B3249B96F300D76BC2 /* PlayerDurationLogic.swift */,
			);
			path = LogicFiles;
			sourceTree = "<group>";
		};
		921560C1248F971100229F1F /* View */ = {
			isa = PBXGroup;
			children = (
				9234AAFC2490EB59006E37A8 /* Player.storyboard */,
			);
			path = View;
			sourceTree = "<group>";
		};
		921560C2248F971A00229F1F /* Model */ = {
			isa = PBXGroup;
			children = (
				925EF5D424BE05FA00DC8B86 /* SectionsModels.swift */,
				921186B2249B96C400D76BC2 /* LogicFiles */,
			);
			path = Model;
			sourceTree = "<group>";
		};
		921560C3248F976C00229F1F /* Controller */ = {
			isa = PBXGroup;
			children = (
				9234AAFE2490EC86006E37A8 /* PlayerController.swift */,
			);
			path = Controller;
			sourceTree = "<group>";
		};
		922385652522227900E4373E /* Networking */ = {
			isa = PBXGroup;
			children = (
				922385612521F8EB00E4373E /* FavoriteCollectionNetworkManager.swift */,
				9223856325220E5000E4373E /* RecommendedCollectionNetworkManager.swift */,
				922385662522230800E4373E /* NetworkingTrackLikes.swift */,
			);
			path = Networking;
			sourceTree = "<group>";
		};
		922385682522352800E4373E /* CodableData */ = {
			isa = PBXGroup;
			children = (
				92B58E342522471B0026B277 /* FavoriteCollection */,
				92B58E35252247240026B277 /* RecommendedCollection */,
			);
			path = CodableData;
			sourceTree = "<group>";
		};
		9227D2022537164300F5B533 /* Networking */ = {
			isa = PBXGroup;
			children = (
				9227D2032537166C00F5B533 /* NetworkingChoosedRecommendedTrackList.swift */,
			);
			path = Networking;
			sourceTree = "<group>";
		};
		92516666252A12430087F3B0 /* ChoosedRecommendedPlaylistController */ = {
			isa = PBXGroup;
			children = (
				9227D2022537164300F5B533 /* Networking */,
				92516669252A128A0087F3B0 /* Model */,
				92516668252A12850087F3B0 /* View */,
				92516667252A12790087F3B0 /* Controller */,
			);
			path = ChoosedRecommendedPlaylistController;
			sourceTree = "<group>";
		};
		92516667252A12790087F3B0 /* Controller */ = {
			isa = PBXGroup;
			children = (
				9251666A252A12A90087F3B0 /* ChoosedRecommendedPlaylistController.swift */,
			);
			path = Controller;
			sourceTree = "<group>";
		};
		92516668252A12850087F3B0 /* View */ = {
			isa = PBXGroup;
			children = (
				925B434F252B6DBB00A54F71 /* CustomTracksTableView.swift */,
				925B4351252B702B00A54F71 /* CustomHeaderTableView.swift */,
				9227D1FE25370E5B00F5B533 /* ChoosedTableCell.swift */,
				9251666B252A12A90087F3B0 /* ChoosedRecommendedPlaylistController.xib */,
			);
			path = View;
			sourceTree = "<group>";
		};
		92516669252A128A0087F3B0 /* Model */ = {
			isa = PBXGroup;
			children = (
				9227D2002537133A00F5B533 /* RecommendTracklistDataModel.swift */,
			);
			path = Model;
			sourceTree = "<group>";
		};
		925D48EE251A53C800002BD4 /* Fonts */ = {
			isa = PBXGroup;
			children = (
				925D48F3251A571600002BD4 /* Helvetica Neue Bold.ttf */,
			);
			path = Fonts;
			sourceTree = "<group>";
		};
		925EF5D024BE041800DC8B86 /* UserSettingsCell */ = {
			isa = PBXGroup;
			children = (
				925EF5D124BE044D00DC8B86 /* UserSettingsCell.swift */,
				92C31F2324C05FA7009D9A88 /* UserSettingInfoProfileCell.swift */,
			);
			path = UserSettingsCell;
			sourceTree = "<group>";
		};
		9289378B25235B9700E9F119 /* TestsControllers */ = {
			isa = PBXGroup;
			children = (
				92B58E38252249230026B277 /* TopTrackControllerTest.swift */,
				92B58E36252247EC0026B277 /* TopTrackTableView.swift */,
				92B58E3A252249DC0026B277 /* TopTrackListCell.swift */,
			);
			path = TestsControllers;
			sourceTree = "<group>";
		};
		9289378E2523647700E9F119 /* LogicFiles */ = {
			isa = PBXGroup;
			children = (
				9289378C2523625300E9F119 /* ConstructOfString.swift */,
			);
			path = LogicFiles;
			sourceTree = "<group>";
		};
		9297909D248FE6F900006CB1 /* Cells */ = {
			isa = PBXGroup;
			children = (
				92FC820124C702D700B3BBFD /* GenreCollection */,
				925EF5D024BE041800DC8B86 /* UserSettingsCell */,
				9206C9C12493A44F0082565D /* TopTrackTableView */,
				921014CB2492913600757D79 /* RecomendedCollection */,
				92E4A92D249246AE00A212BC /* FavoriteArtistsCell */,
			);
			path = Cells;
			sourceTree = "<group>";
		};
		929C8E3325249EAF00809389 /* CodableData */ = {
			isa = PBXGroup;
			children = (
				92E638B524B9C54900EB18A9 /* UserPlaylistsData.swift */,
				9296ECC224B865D800846055 /* FavoriteTracksData.swift */,
				92E638B724B9C72200EB18A9 /* UserAlbumsData.swift */,
			);
			path = CodableData;
			sourceTree = "<group>";
		};
		929C8E3425249FC300809389 /* Networking */ = {
			isa = PBXGroup;
			children = (
				9289379525238DA500E9F119 /* NetworkingFavoriteMenu.swift */,
			);
			path = Networking;
			sourceTree = "<group>";
		};
		929C8E352524A12000809389 /* Player */ = {
			isa = PBXGroup;
			children = (
				921560C2248F971A00229F1F /* Model */,
				921560C1248F971100229F1F /* View */,
				921560C3248F976C00229F1F /* Controller */,
			);
			path = Player;
			sourceTree = "<group>";
		};
		92A763572489485000147C69 = {
			isa = PBXGroup;
			children = (
				92A763622489485100147C69 /* MusDZList */,
				9289378B25235B9700E9F119 /* TestsControllers */,
				925D48EE251A53C800002BD4 /* Fonts */,
				92A763612489485100147C69 /* Products */,
				92E47F6224A3CEF400E79774 /* Frameworks */,
			);
			sourceTree = "<group>";
		};
		92A763612489485100147C69 /* Products */ = {
			isa = PBXGroup;
			children = (
				92A763602489485100147C69 /* MusDZList.app */,
			);
			name = Products;
			sourceTree = "<group>";
		};
		92A763622489485100147C69 /* MusDZList */ = {
			isa = PBXGroup;
			children = (
				92C08F51251CC75E00ECA320 /* NetworkService */,
				92C08F66251D049600ECA320 /* Singletons */,
				92C08F56251CF94500ECA320 /* Auth  */,
				929C8E352524A12000809389 /* Player */,
				92C08F45251CC63800ECA320 /* MusicBar */,
				92C08F46251CC65400ECA320 /* FavoriteBar */,
				92C08F47251CC66100ECA320 /* SearchBar */,
				9297909D248FE6F900006CB1 /* Cells */,
				92C08F44251CC01500ECA320 /* Supporting files */,
			);
			path = MusDZList;
			sourceTree = "<group>";
		};
		92B58E342522471B0026B277 /* FavoriteCollection */ = {
			isa = PBXGroup;
			children = (
				9297909B248FD0A400006CB1 /* UserFavoriteArtistsData.swift */,
				92A7C1822497A1500040347F /* FavoriteArtistsModel.swift */,
			);
			path = FavoriteCollection;
			sourceTree = "<group>";
		};
		92B58E35252247240026B277 /* RecommendedCollection */ = {
			isa = PBXGroup;
			children = (
				925573EC249242960057A2B5 /* RecomendedPlaylistsData.swift */,
			);
			path = RecommendedCollection;
			sourceTree = "<group>";
		};
		92C08F44251CC01500ECA320 /* Supporting files */ = {
			isa = PBXGroup;
			children = (
				92A763632489485100147C69 /* AppDelegate.swift */,
				92A763652489485100147C69 /* SceneDelegate.swift */,
				92C08F57251CFA1700ECA320 /* Constants.swift */,
				92A7636C2489485200147C69 /* Assets.xcassets */,
				92A7636E2489485200147C69 /* LaunchScreen.storyboard */,
				92A763712489485200147C69 /* Info.plist */,
			);
			path = "Supporting files";
			sourceTree = "<group>";
		};
		92C08F45251CC63800ECA320 /* MusicBar */ = {
			isa = PBXGroup;
			children = (
				92C08F5C251D017A00ECA320 /* MusicController */,
				92C08F5B251D016E00ECA320 /* TopTrackController */,
				92C08F5A251D015400ECA320 /* RecomendedPlaylistController */,
				92516666252A12430087F3B0 /* ChoosedRecommendedPlaylistController */,
			);
			path = MusicBar;
			sourceTree = "<group>";
		};
		92C08F46251CC65400ECA320 /* FavoriteBar */ = {
			isa = PBXGroup;
			children = (
				92C08F4D251CC69800ECA320 /* Model */,
				92C08F4B251CC69800ECA320 /* View */,
				92C08F4C251CC69800ECA320 /* Controller */,
			);
			path = FavoriteBar;
			sourceTree = "<group>";
		};
		92C08F47251CC66100ECA320 /* SearchBar */ = {
			isa = PBXGroup;
			children = (
				92C08F4A251CC68700ECA320 /* Model */,
				92C08F49251CC68200ECA320 /* View */,
				92C08F48251CC67A00ECA320 /* Controller */,
			);
			path = SearchBar;
			sourceTree = "<group>";
		};
		92C08F48251CC67A00ECA320 /* Controller */ = {
			isa = PBXGroup;
			children = (
				92D3A2E324E17ACE00DDE6C1 /* SearchController.swift */,
			);
			path = Controller;
			sourceTree = "<group>";
		};
		92C08F49251CC68200ECA320 /* View */ = {
			isa = PBXGroup;
			children = (
				9269B85F251905FC00C12FC7 /* SearchTableView.swift */,
				9269B863251908AC00C12FC7 /* SearchCell.swift */,
			);
			path = View;
			sourceTree = "<group>";
		};
		92C08F4A251CC68700ECA320 /* Model */ = {
			isa = PBXGroup;
			children = (
				9269B86825190E7500C12FC7 /* SearchData.swift */,
			);
			path = Model;
			sourceTree = "<group>";
		};
		92C08F4B251CC69800ECA320 /* View */ = {
			isa = PBXGroup;
			children = (
				92893791252370AB00E9F119 /* FavoritesMenuCell.swift */,
				92893793252370BD00E9F119 /* FavoritesMenuTableView.swift */,
				92F71FE024C4ACD000E76748 /* UserSettingsLogicModel.swift */,
			);
			path = View;
			sourceTree = "<group>";
		};
		92C08F4C251CC69800ECA320 /* Controller */ = {
			isa = PBXGroup;
			children = (
				9289378F25236DBF00E9F119 /* FavoritesTabController.swift */,
				92E638B924B9EF3D00EB18A9 /* UserSettingsController.swift */,
			);
			path = Controller;
			sourceTree = "<group>";
		};
		92C08F4D251CC69800ECA320 /* Model */ = {
			isa = PBXGroup;
			children = (
				929C8E3325249EAF00809389 /* CodableData */,
				929C8E3425249FC300809389 /* Networking */,
				92D3A2E524E17CFD00DDE6C1 /* FavoriteControllerRowValue.swift */,
			);
			path = Model;
			sourceTree = "<group>";
		};
		92C08F51251CC75E00ECA320 /* NetworkService */ = {
			isa = PBXGroup;
			children = (
				92C08F52251CC7B500ECA320 /* NetworkService.swift */,
				92C08F54251CE03B00ECA320 /* DecoderJSON.swift */,
			);
			path = NetworkService;
			sourceTree = "<group>";
		};
		92C08F56251CF94500ECA320 /* Auth  */ = {
			isa = PBXGroup;
			children = (
				92C08F59251D009700ECA320 /* DataModel */,
				921FCDDD248ED13A000DB7FE /* AuthController.swift */,
			);
			path = "Auth ";
			sourceTree = "<group>";
		};
		92C08F59251D009700ECA320 /* DataModel */ = {
			isa = PBXGroup;
			children = (
				925573EA24923CA70057A2B5 /* UserInfoData.swift */,
				92DF0741248AB636008C4353 /* AuthData.swift */,
			);
			path = DataModel;
			sourceTree = "<group>";
		};
		92C08F5A251D015400ECA320 /* RecomendedPlaylistController */ = {
			isa = PBXGroup;
			children = (
				92C08F62251D01DF00ECA320 /* Model */,
				92C08F60251D01DE00ECA320 /* View */,
				92C08F61251D01DE00ECA320 /* Controller */,
			);
			path = RecomendedPlaylistController;
			sourceTree = "<group>";
		};
		92C08F5B251D016E00ECA320 /* TopTrackController */ = {
			isa = PBXGroup;
			children = (
				9289378E2523647700E9F119 /* LogicFiles */,
				92C08F5F251D01CB00ECA320 /* Model */,
				92C08F5E251D01C700ECA320 /* View */,
				92C08F5D251D01BC00ECA320 /* Controller */,
			);
			path = TopTrackController;
			sourceTree = "<group>";
		};
		92C08F5C251D017A00ECA320 /* MusicController */ = {
			isa = PBXGroup;
			children = (
				922385652522227900E4373E /* Networking */,
				92C08F65251D01E100ECA320 /* Model */,
				92C08F63251D01E100ECA320 /* View */,
				92C08F64251D01E100ECA320 /* Controller */,
			);
			path = MusicController;
			sourceTree = "<group>";
		};
		92C08F5D251D01BC00ECA320 /* Controller */ = {
			isa = PBXGroup;
			children = (
				9206C9BF2493A4420082565D /* TopTrackController.swift */,
			);
			path = Controller;
			sourceTree = "<group>";
		};
		92C08F5E251D01C700ECA320 /* View */ = {
			isa = PBXGroup;
			children = (
			);
			path = View;
			sourceTree = "<group>";
		};
		92C08F5F251D01CB00ECA320 /* Model */ = {
			isa = PBXGroup;
			children = (
				92A7C1802497943C0040347F /* TopTracksSongModel.swift */,
				92DCD1882494DD540013A2C8 /* ListOfTopTracksData.swift */,
			);
			path = Model;
			sourceTree = "<group>";
		};
		92C08F60251D01DE00ECA320 /* View */ = {
			isa = PBXGroup;
			children = (
				92EA80C42527256700199BFC /* RecommendedCollectionView.swift */,
				92EA80C625272A9C00199BFC /* RecommendedControllerCell.swift */,
				9203BCEC25263DC3002219B7 /* RecommendedController.xib */,
			);
			path = View;
			sourceTree = "<group>";
		};
		92C08F61251D01DE00ECA320 /* Controller */ = {
			isa = PBXGroup;
			children = (
				9203BCEB25263DC3002219B7 /* RecommendedController.swift */,
			);
			path = Controller;
			sourceTree = "<group>";
		};
		92C08F62251D01DF00ECA320 /* Model */ = {
			isa = PBXGroup;
			children = (
				92DE671025288A87007F26DC /* RecomendModel.swift */,
			);
			path = Model;
			sourceTree = "<group>";
		};
		92C08F63251D01E100ECA320 /* View */ = {
			isa = PBXGroup;
			children = (
				92A763692489485100147C69 /* Main.storyboard */,
			);
			path = View;
			sourceTree = "<group>";
		};
		92C08F64251D01E100ECA320 /* Controller */ = {
			isa = PBXGroup;
			children = (
				921560C6248FA73900229F1F /* MusicController.swift */,
			);
			path = Controller;
			sourceTree = "<group>";
		};
		92C08F65251D01E100ECA320 /* Model */ = {
			isa = PBXGroup;
			children = (
				922385682522352800E4373E /* CodableData */,
			);
			path = Model;
			sourceTree = "<group>";
		};
		92C08F66251D049600ECA320 /* Singletons */ = {
			isa = PBXGroup;
			children = (
				92C08F67251D04D000ECA320 /* TrackIsLiked.swift */,
			);
			path = Singletons;
			sourceTree = "<group>";
		};
		92E47F6224A3CEF400E79774 /* Frameworks */ = {
			isa = PBXGroup;
			children = (
				92E47F6324A3CEF400E79774 /* LNPopupController.framework */,
			);
			name = Frameworks;
			sourceTree = "<group>";
		};
		92E4A92D249246AE00A212BC /* FavoriteArtistsCell */ = {
			isa = PBXGroup;
			children = (
				9297909E248FE72200006CB1 /* FavoriteArtistsCell.swift */,
				9297909F248FE72200006CB1 /* FavoriteArtistsCell.xib */,
			);
			path = FavoriteArtistsCell;
			sourceTree = "<group>";
		};
		92E4A92E249246BC00A212BC /* RecomendedPlaylistsCell */ = {
			isa = PBXGroup;
			children = (
				92E4A92F249246E500A212BC /* RecomendedPlaylistsCell.swift */,
				92E4A930249246E500A212BC /* RecomendedPlaylistsCell.xib */,
			);
			path = RecomendedPlaylistsCell;
			sourceTree = "<group>";
		};
		92FC820124C702D700B3BBFD /* GenreCollection */ = {
			isa = PBXGroup;
			children = (
				92FC820224C702ED00B3BBFD /* GenreCell */,
			);
			path = GenreCollection;
			sourceTree = "<group>";
		};
		92FC820224C702ED00B3BBFD /* GenreCell */ = {
			isa = PBXGroup;
			children = (
				92FC820324C7031D00B3BBFD /* GenreCell.swift */,
			);
			path = GenreCell;
			sourceTree = "<group>";
		};
/* End PBXGroup section */

/* Begin PBXNativeTarget section */
		92A7635F2489485100147C69 /* MusDZList */ = {
			isa = PBXNativeTarget;
			buildConfigurationList = 92A763742489485200147C69 /* Build configuration list for PBXNativeTarget "MusDZList" */;
			buildPhases = (
				92A7635C2489485100147C69 /* Sources */,
				92A7635D2489485100147C69 /* Frameworks */,
				92A7635E2489485100147C69 /* Resources */,
				92E47F6624A3CEF400E79774 /* Embed Frameworks */,
				92E47F6724A3CEFB00E79774 /* ShellScript */,
			);
			buildRules = (
			);
			dependencies = (
			);
			name = MusDZList;
			productName = MusDZList;
			productReference = 92A763602489485100147C69 /* MusDZList.app */;
			productType = "com.apple.product-type.application";
		};
/* End PBXNativeTarget section */

/* Begin PBXProject section */
		92A763582489485000147C69 /* Project object */ = {
			isa = PBXProject;
			attributes = {
				LastSwiftUpdateCheck = 1150;
				LastUpgradeCheck = 1150;
				ORGANIZATIONNAME = "Denis Selivanov";
				TargetAttributes = {
					92A7635F2489485100147C69 = {
						CreatedOnToolsVersion = 11.5;
					};
				};
			};
			buildConfigurationList = 92A7635B2489485100147C69 /* Build configuration list for PBXProject "MusDZList" */;
			compatibilityVersion = "Xcode 9.3";
			developmentRegion = en;
			hasScannedForEncodings = 0;
			knownRegions = (
				en,
				Base,
			);
			mainGroup = 92A763572489485000147C69;
			productRefGroup = 92A763612489485100147C69 /* Products */;
			projectDirPath = "";
			projectRoot = "";
			targets = (
				92A7635F2489485100147C69 /* MusDZList */,
			);
		};
/* End PBXProject section */

/* Begin PBXResourcesBuildPhase section */
		92A7635E2489485100147C69 /* Resources */ = {
			isa = PBXResourcesBuildPhase;
			buildActionMask = 2147483647;
			files = (
				92A763702489485200147C69 /* LaunchScreen.storyboard in Resources */,
				9206C9C62493A4820082565D /* TopTrackCell.xib in Resources */,
				9203BCEE25263DC3002219B7 /* RecommendedController.xib in Resources */,
				9251666D252A12A90087F3B0 /* ChoosedRecommendedPlaylistController.xib in Resources */,
				92A7636D2489485200147C69 /* Assets.xcassets in Resources */,
				925D48F5251A58CA00002BD4 /* Helvetica Neue Bold.ttf in Resources */,
				9234AAFD2490EB59006E37A8 /* Player.storyboard in Resources */,
				92E4A932249246E500A212BC /* RecomendedPlaylistsCell.xib in Resources */,
				929790A1248FE72200006CB1 /* FavoriteArtistsCell.xib in Resources */,
				92A7636B2489485100147C69 /* Main.storyboard in Resources */,
			);
			runOnlyForDeploymentPostprocessing = 0;
		};
/* End PBXResourcesBuildPhase section */

/* Begin PBXShellScriptBuildPhase section */
		92E47F6724A3CEFB00E79774 /* ShellScript */ = {
			isa = PBXShellScriptBuildPhase;
			buildActionMask = 2147483647;
			files = (
			);
			inputFileListPaths = (
			);
			inputPaths = (
				"$(SRCROOT)/Carthage/Build/iOS/LNPopupController.framework",
			);
			outputFileListPaths = (
			);
			outputPaths = (
			);
			runOnlyForDeploymentPostprocessing = 0;
			shellPath = /bin/sh;
			shellScript = "# Type a script or drag a script file from your workspace to insert its path.\n/usr/local/bin/carthage copy-frameworks\n";
		};
/* End PBXShellScriptBuildPhase section */

/* Begin PBXSourcesBuildPhase section */
		92A7635C2489485100147C69 /* Sources */ = {
			isa = PBXSourcesBuildPhase;
			buildActionMask = 2147483647;
			files = (
				9227D2012537133A00F5B533 /* RecommendTracklistDataModel.swift in Sources */,
				9227D2042537166C00F5B533 /* NetworkingChoosedRecommendedTrackList.swift in Sources */,
				925EF5D524BE05FA00DC8B86 /* SectionsModels.swift in Sources */,
				92516665252A0F0C0087F3B0 /* RecommendedFooterView.swift in Sources */,
				925573EB24923CA70057A2B5 /* UserInfoData.swift in Sources */,
				92893792252370AB00E9F119 /* FavoritesMenuCell.swift in Sources */,
				92C31F2424C05FA7009D9A88 /* UserSettingInfoProfileCell.swift in Sources */,
				924425A32528A396009D8AB9 /* RecommendedHeaderView.swift in Sources */,
				92D3A2E624E17CFD00DDE6C1 /* FavoriteControllerRowValue.swift in Sources */,
				92DF0742248AB636008C4353 /* AuthData.swift in Sources */,
				92EA80C52527256700199BFC /* RecommendedCollectionView.swift in Sources */,
				9269B86925190E7500C12FC7 /* SearchData.swift in Sources */,
				925573ED249242960057A2B5 /* RecomendedPlaylistsData.swift in Sources */,
				92E638B624B9C54900EB18A9 /* UserPlaylistsData.swift in Sources */,
				9206C9C52493A4820082565D /* TopTrackCell.swift in Sources */,
				92F71FE124C4ACD000E76748 /* UserSettingsLogicModel.swift in Sources */,
				9234AAFF2490EC86006E37A8 /* PlayerController.swift in Sources */,
				92C08F53251CC7B500ECA320 /* NetworkService.swift in Sources */,
				9289379625238DA500E9F119 /* NetworkingFavoriteMenu.swift in Sources */,
				9289379025236DBF00E9F119 /* FavoritesTabController.swift in Sources */,
				92B58E3B252249DC0026B277 /* TopTrackListCell.swift in Sources */,
				921FCDDE248ED13A000DB7FE /* AuthController.swift in Sources */,
				92A7C1832497A1500040347F /* FavoriteArtistsModel.swift in Sources */,
				92B58E37252247EC0026B277 /* TopTrackTableView.swift in Sources */,
				92A763642489485100147C69 /* AppDelegate.swift in Sources */,
				92893794252370BD00E9F119 /* FavoritesMenuTableView.swift in Sources */,
				92E638B824B9C72200EB18A9 /* UserAlbumsData.swift in Sources */,
				92EA80C725272A9C00199BFC /* RecommendedControllerCell.swift in Sources */,
				92C08F58251CFA1700ECA320 /* Constants.swift in Sources */,
				9296ECC324B865D800846055 /* FavoriteTracksData.swift in Sources */,
				92DE671125288A87007F26DC /* RecomendModel.swift in Sources */,
				92E4A931249246E500A212BC /* RecomendedPlaylistsCell.swift in Sources */,
				92C08F55251CE03B00ECA320 /* DecoderJSON.swift in Sources */,
				92A7C1812497943C0040347F /* TopTracksSongModel.swift in Sources */,
				92DCD1892494DD540013A2C8 /* ListOfTopTracksData.swift in Sources */,
				92A763662489485100147C69 /* SceneDelegate.swift in Sources */,
				9203BCED25263DC3002219B7 /* RecommendedController.swift in Sources */,
				921186B4249B96F300D76BC2 /* PlayerDurationLogic.swift in Sources */,
				922385622521F8EB00E4373E /* FavoriteCollectionNetworkManager.swift in Sources */,
				9297909C248FD0A400006CB1 /* UserFavoriteArtistsData.swift in Sources */,
				9289378D2523625300E9F119 /* ConstructOfString.swift in Sources */,
				929790A0248FE72200006CB1 /* FavoriteArtistsCell.swift in Sources */,
				92D3A2E424E17ACE00DDE6C1 /* SearchController.swift in Sources */,
				922385672522230800E4373E /* NetworkingTrackLikes.swift in Sources */,
				92B58E39252249230026B277 /* TopTrackControllerTest.swift in Sources */,
				9269B860251905FC00C12FC7 /* SearchTableView.swift in Sources */,
				9251666C252A12A90087F3B0 /* ChoosedRecommendedPlaylistController.swift in Sources */,
				921560C7248FA73900229F1F /* MusicController.swift in Sources */,
				9227D1FF25370E5B00F5B533 /* ChoosedTableCell.swift in Sources */,
				92FC820424C7031D00B3BBFD /* GenreCell.swift in Sources */,
				92E638BA24B9EF3D00EB18A9 /* UserSettingsController.swift in Sources */,
				9269B864251908AC00C12FC7 /* SearchCell.swift in Sources */,
				925B4350252B6DBB00A54F71 /* CustomTracksTableView.swift in Sources */,
				925EF5D224BE044D00DC8B86 /* UserSettingsCell.swift in Sources */,
				9206C9C02493A4420082565D /* TopTrackController.swift in Sources */,
				9223856425220E5000E4373E /* RecommendedCollectionNetworkManager.swift in Sources */,
				925B4352252B702B00A54F71 /* CustomHeaderTableView.swift in Sources */,
				92C08F68251D04D000ECA320 /* TrackIsLiked.swift in Sources */,
			);
			runOnlyForDeploymentPostprocessing = 0;
		};
/* End PBXSourcesBuildPhase section */

/* Begin PBXVariantGroup section */
		92A763692489485100147C69 /* Main.storyboard */ = {
			isa = PBXVariantGroup;
			children = (
				92A7636A2489485100147C69 /* Base */,
			);
			name = Main.storyboard;
			sourceTree = "<group>";
		};
		92A7636E2489485200147C69 /* LaunchScreen.storyboard */ = {
			isa = PBXVariantGroup;
			children = (
				92A7636F2489485200147C69 /* Base */,
			);
			name = LaunchScreen.storyboard;
			sourceTree = "<group>";
		};
/* End PBXVariantGroup section */

/* Begin XCBuildConfiguration section */
		92A763722489485200147C69 /* Debug */ = {
			isa = XCBuildConfiguration;
			buildSettings = {
				ALWAYS_SEARCH_USER_PATHS = NO;
				CLANG_ANALYZER_NONNULL = YES;
				CLANG_ANALYZER_NUMBER_OBJECT_CONVERSION = YES_AGGRESSIVE;
				CLANG_CXX_LANGUAGE_STANDARD = "gnu++14";
				CLANG_CXX_LIBRARY = "libc++";
				CLANG_ENABLE_MODULES = YES;
				CLANG_ENABLE_OBJC_ARC = YES;
				CLANG_ENABLE_OBJC_WEAK = YES;
				CLANG_WARN_BLOCK_CAPTURE_AUTORELEASING = YES;
				CLANG_WARN_BOOL_CONVERSION = YES;
				CLANG_WARN_COMMA = YES;
				CLANG_WARN_CONSTANT_CONVERSION = YES;
				CLANG_WARN_DEPRECATED_OBJC_IMPLEMENTATIONS = YES;
				CLANG_WARN_DIRECT_OBJC_ISA_USAGE = YES_ERROR;
				CLANG_WARN_DOCUMENTATION_COMMENTS = YES;
				CLANG_WARN_EMPTY_BODY = YES;
				CLANG_WARN_ENUM_CONVERSION = YES;
				CLANG_WARN_INFINITE_RECURSION = YES;
				CLANG_WARN_INT_CONVERSION = YES;
				CLANG_WARN_NON_LITERAL_NULL_CONVERSION = YES;
				CLANG_WARN_OBJC_IMPLICIT_RETAIN_SELF = YES;
				CLANG_WARN_OBJC_LITERAL_CONVERSION = YES;
				CLANG_WARN_OBJC_ROOT_CLASS = YES_ERROR;
				CLANG_WARN_RANGE_LOOP_ANALYSIS = YES;
				CLANG_WARN_STRICT_PROTOTYPES = YES;
				CLANG_WARN_SUSPICIOUS_MOVE = YES;
				CLANG_WARN_UNGUARDED_AVAILABILITY = YES_AGGRESSIVE;
				CLANG_WARN_UNREACHABLE_CODE = YES;
				CLANG_WARN__DUPLICATE_METHOD_MATCH = YES;
				COPY_PHASE_STRIP = NO;
				DEBUG_INFORMATION_FORMAT = dwarf;
				ENABLE_STRICT_OBJC_MSGSEND = YES;
				ENABLE_TESTABILITY = YES;
				GCC_C_LANGUAGE_STANDARD = gnu11;
				GCC_DYNAMIC_NO_PIC = NO;
				GCC_NO_COMMON_BLOCKS = YES;
				GCC_OPTIMIZATION_LEVEL = 0;
				GCC_PREPROCESSOR_DEFINITIONS = (
					"DEBUG=1",
					"$(inherited)",
				);
				GCC_WARN_64_TO_32_BIT_CONVERSION = YES;
				GCC_WARN_ABOUT_RETURN_TYPE = YES_ERROR;
				GCC_WARN_UNDECLARED_SELECTOR = YES;
				GCC_WARN_UNINITIALIZED_AUTOS = YES_AGGRESSIVE;
				GCC_WARN_UNUSED_FUNCTION = YES;
				GCC_WARN_UNUSED_VARIABLE = YES;
				IPHONEOS_DEPLOYMENT_TARGET = 13.5;
				MTL_ENABLE_DEBUG_INFO = INCLUDE_SOURCE;
				MTL_FAST_MATH = YES;
				ONLY_ACTIVE_ARCH = YES;
				SDKROOT = iphoneos;
				SWIFT_ACTIVE_COMPILATION_CONDITIONS = DEBUG;
				SWIFT_OPTIMIZATION_LEVEL = "-Onone";
			};
			name = Debug;
		};
		92A763732489485200147C69 /* Release */ = {
			isa = XCBuildConfiguration;
			buildSettings = {
				ALWAYS_SEARCH_USER_PATHS = NO;
				CLANG_ANALYZER_NONNULL = YES;
				CLANG_ANALYZER_NUMBER_OBJECT_CONVERSION = YES_AGGRESSIVE;
				CLANG_CXX_LANGUAGE_STANDARD = "gnu++14";
				CLANG_CXX_LIBRARY = "libc++";
				CLANG_ENABLE_MODULES = YES;
				CLANG_ENABLE_OBJC_ARC = YES;
				CLANG_ENABLE_OBJC_WEAK = YES;
				CLANG_WARN_BLOCK_CAPTURE_AUTORELEASING = YES;
				CLANG_WARN_BOOL_CONVERSION = YES;
				CLANG_WARN_COMMA = YES;
				CLANG_WARN_CONSTANT_CONVERSION = YES;
				CLANG_WARN_DEPRECATED_OBJC_IMPLEMENTATIONS = YES;
				CLANG_WARN_DIRECT_OBJC_ISA_USAGE = YES_ERROR;
				CLANG_WARN_DOCUMENTATION_COMMENTS = YES;
				CLANG_WARN_EMPTY_BODY = YES;
				CLANG_WARN_ENUM_CONVERSION = YES;
				CLANG_WARN_INFINITE_RECURSION = YES;
				CLANG_WARN_INT_CONVERSION = YES;
				CLANG_WARN_NON_LITERAL_NULL_CONVERSION = YES;
				CLANG_WARN_OBJC_IMPLICIT_RETAIN_SELF = YES;
				CLANG_WARN_OBJC_LITERAL_CONVERSION = YES;
				CLANG_WARN_OBJC_ROOT_CLASS = YES_ERROR;
				CLANG_WARN_RANGE_LOOP_ANALYSIS = YES;
				CLANG_WARN_STRICT_PROTOTYPES = YES;
				CLANG_WARN_SUSPICIOUS_MOVE = YES;
				CLANG_WARN_UNGUARDED_AVAILABILITY = YES_AGGRESSIVE;
				CLANG_WARN_UNREACHABLE_CODE = YES;
				CLANG_WARN__DUPLICATE_METHOD_MATCH = YES;
				COPY_PHASE_STRIP = NO;
				DEBUG_INFORMATION_FORMAT = "dwarf-with-dsym";
				ENABLE_NS_ASSERTIONS = NO;
				ENABLE_STRICT_OBJC_MSGSEND = YES;
				GCC_C_LANGUAGE_STANDARD = gnu11;
				GCC_NO_COMMON_BLOCKS = YES;
				GCC_WARN_64_TO_32_BIT_CONVERSION = YES;
				GCC_WARN_ABOUT_RETURN_TYPE = YES_ERROR;
				GCC_WARN_UNDECLARED_SELECTOR = YES;
				GCC_WARN_UNINITIALIZED_AUTOS = YES_AGGRESSIVE;
				GCC_WARN_UNUSED_FUNCTION = YES;
				GCC_WARN_UNUSED_VARIABLE = YES;
				IPHONEOS_DEPLOYMENT_TARGET = 13.5;
				MTL_ENABLE_DEBUG_INFO = NO;
				MTL_FAST_MATH = YES;
				SDKROOT = iphoneos;
				SWIFT_COMPILATION_MODE = wholemodule;
				SWIFT_OPTIMIZATION_LEVEL = "-O";
				VALIDATE_PRODUCT = YES;
			};
			name = Release;
		};
		92A763752489485200147C69 /* Debug */ = {
			isa = XCBuildConfiguration;
			buildSettings = {
				ASSETCATALOG_COMPILER_APPICON_NAME = AppIcon;
				CODE_SIGN_STYLE = Automatic;
				DEVELOPMENT_TEAM = SRH5R2XNGW;
				FRAMEWORK_SEARCH_PATHS = (
					"$(inherited)",
					"$(PROJECT_DIR)/Carthage/Build/iOS",
				);
				INFOPLIST_FILE = "$(SRCROOT)/MusDZList/Supporting files/Info.plist";
				LD_RUNPATH_SEARCH_PATHS = (
					"$(inherited)",
					"@executable_path/Frameworks",
				);
				PRODUCT_BUNDLE_IDENTIFIER = com.denisselivanov.MusDZList;
				PRODUCT_NAME = "$(TARGET_NAME)";
				SWIFT_VERSION = 5.0;
				TARGETED_DEVICE_FAMILY = "1,2";
				VALIDATE_WORKSPACE = YES;
			};
			name = Debug;
		};
		92A763762489485200147C69 /* Release */ = {
			isa = XCBuildConfiguration;
			buildSettings = {
				ASSETCATALOG_COMPILER_APPICON_NAME = AppIcon;
				CODE_SIGN_STYLE = Automatic;
				DEVELOPMENT_TEAM = SRH5R2XNGW;
				FRAMEWORK_SEARCH_PATHS = (
					"$(inherited)",
					"$(PROJECT_DIR)/Carthage/Build/iOS",
				);
				INFOPLIST_FILE = "$(SRCROOT)/MusDZList/Supporting files/Info.plist";
				LD_RUNPATH_SEARCH_PATHS = (
					"$(inherited)",
					"@executable_path/Frameworks",
				);
				PRODUCT_BUNDLE_IDENTIFIER = com.denisselivanov.MusDZList;
				PRODUCT_NAME = "$(TARGET_NAME)";
				SWIFT_VERSION = 5.0;
				TARGETED_DEVICE_FAMILY = "1,2";
				VALIDATE_WORKSPACE = YES;
			};
			name = Release;
		};
/* End XCBuildConfiguration section */

/* Begin XCConfigurationList section */
		92A7635B2489485100147C69 /* Build configuration list for PBXProject "MusDZList" */ = {
			isa = XCConfigurationList;
			buildConfigurations = (
				92A763722489485200147C69 /* Debug */,
				92A763732489485200147C69 /* Release */,
			);
			defaultConfigurationIsVisible = 0;
			defaultConfigurationName = Release;
		};
		92A763742489485200147C69 /* Build configuration list for PBXNativeTarget "MusDZList" */ = {
			isa = XCConfigurationList;
			buildConfigurations = (
				92A763752489485200147C69 /* Debug */,
				92A763762489485200147C69 /* Release */,
			);
			defaultConfigurationIsVisible = 0;
			defaultConfigurationName = Release;
		};
/* End XCConfigurationList section */
	};
	rootObject = 92A763582489485000147C69 /* Project object */;
}
